{
  "version": 4,
  "terraform_version": "1.8.4",
  "serial": 7,
  "lineage": "eef9449f-bd56-31bc-1fbe-e870cd466b3d",
  "outputs": {
    "route53_zone_id": {
      "value": "Z00012087W0AE2RD2E6X",
      "type": "string"
    },
    "ssl_cert_arn": {
      "value": "arn:aws:acm:us-east-1:637423398151:certificate/1d91f932-2712-4f77-9c43-267418f60bd0",
      "type": "string"
    }
  },
  "resources": [
    {
      "mode": "data",
      "type": "aws_route53_zone",
      "name": "dns_zone",
      "provider": "provider[\"registry.terraform.io/hashicorp/aws\"]",
      "instances": [
        {
          "schema_version": 0,
          "attributes": {
            "arn": "arn:aws:route53:::hostedzone/Z00012087W0AE2RD2E6X",
            "caller_reference": "RISWorkflow-RD:efb94dc2-bb2a-48af-9051-7cf19149e8d8",
            "comment": "HostedZone created by Route53 Registrar",
            "id": "Z00012087W0AE2RD2E6X",
            "linked_service_description": null,
            "linked_service_principal": null,
            "name": "priyadharshininagasamy.com",
            "name_servers": [
              "ns-215.awsdns-26.com",
              "ns-1783.awsdns-30.co.uk",
              "ns-1005.awsdns-61.net",
              "ns-1118.awsdns-11.org"
            ],
            "primary_name_server": "ns-215.awsdns-26.com",
            "private_zone": false,
            "resource_record_set_count": 3,
            "tags": {},
            "vpc_id": null,
            "zone_id": "Z00012087W0AE2RD2E6X"
          },
          "sensitive_attributes": []
        }
      ]
    },
    {
      "mode": "managed",
      "type": "aws_acm_certificate",
      "name": "ssl_certificate",
      "provider": "provider[\"registry.terraform.io/hashicorp/aws\"]",
      "instances": [
        {
          "schema_version": 0,
          "attributes": {
            "arn": "arn:aws:acm:us-east-1:637423398151:certificate/1d91f932-2712-4f77-9c43-267418f60bd0",
            "certificate_authority_arn": "",
            "certificate_body": null,
            "certificate_chain": null,
            "domain_name": "priyadharshininagasamy.com",
            "domain_validation_options": [
              {
                "domain_name": "*.priyadharshininagasamy.com",
                "resource_record_name": "_2311571aad215758678dcc8447d0306b.priyadharshininagasamy.com.",
                "resource_record_type": "CNAME",
                "resource_record_value": "_0297f505c4522d2283f79adc544b9bd9.sdgjtdhdhz.acm-validations.aws."
              },
              {
                "domain_name": "priyadharshininagasamy.com",
                "resource_record_name": "_2311571aad215758678dcc8447d0306b.priyadharshininagasamy.com.",
                "resource_record_type": "CNAME",
                "resource_record_value": "_0297f505c4522d2283f79adc544b9bd9.sdgjtdhdhz.acm-validations.aws."
              }
            ],
            "early_renewal_duration": "",
            "id": "arn:aws:acm:us-east-1:637423398151:certificate/1d91f932-2712-4f77-9c43-267418f60bd0",
            "key_algorithm": "RSA_2048",
            "not_after": "",
            "not_before": "",
            "options": [
              {
                "certificate_transparency_logging_preference": "ENABLED"
              }
            ],
            "pending_renewal": false,
            "private_key": null,
            "renewal_eligibility": "INELIGIBLE",
            "renewal_summary": [],
            "status": "PENDING_VALIDATION",
            "subject_alternative_names": [
              "*.priyadharshininagasamy.com",
              "priyadharshininagasamy.com"
            ],
            "tags": null,
            "tags_all": {},
            "type": "AMAZON_ISSUED",
            "validation_emails": [],
            "validation_method": "DNS",
            "validation_option": []
          },
          "sensitive_attributes": [
            [
              {
                "type": "get_attr",
                "value": "private_key"
              }
            ]
          ],
          "private": "bnVsbA==",
          "create_before_destroy": true
        }
      ]
    },
    {
      "mode": "managed",
      "type": "aws_acm_certificate_validation",
      "name": "ssl_validation",
      "provider": "provider[\"registry.terraform.io/hashicorp/aws\"]",
      "instances": [
        {
          "schema_version": 0,
          "attributes": {
            "certificate_arn": "arn:aws:acm:us-east-1:637423398151:certificate/1d91f932-2712-4f77-9c43-267418f60bd0",
            "id": "2024-07-29 02:40:33.797 +0000 UTC",
            "timeouts": null,
            "validation_record_fqdns": [
              "_2311571aad215758678dcc8447d0306b.priyadharshininagasamy.com"
            ]
          },
          "sensitive_attributes": [],
          "private": "eyJlMmJmYjczMC1lY2FhLTExZTYtOGY4OC0zNDM2M2JjN2M0YzAiOnsiY3JlYXRlIjo0NTAwMDAwMDAwMDAwfX0=",
          "dependencies": [
            "aws_acm_certificate.ssl_certificate",
            "aws_route53_record.dns_validation",
            "data.aws_route53_zone.dns_zone"
          ]
        }
      ]
    },
    {
      "mode": "managed",
      "type": "aws_route53_record",
      "name": "dns_validation",
      "provider": "provider[\"registry.terraform.io/hashicorp/aws\"]",
      "instances": [
        {
          "schema_version": 2,
          "attributes": {
            "alias": [],
            "allow_overwrite": true,
            "cidr_routing_policy": [],
            "failover_routing_policy": [],
            "fqdn": "_2311571aad215758678dcc8447d0306b.priyadharshininagasamy.com",
            "geolocation_routing_policy": [],
            "geoproximity_routing_policy": [],
            "health_check_id": "",
            "id": "Z00012087W0AE2RD2E6X__2311571aad215758678dcc8447d0306b.priyadharshininagasamy.com._CNAME",
            "latency_routing_policy": [],
            "multivalue_answer_routing_policy": false,
            "name": "_2311571aad215758678dcc8447d0306b.priyadharshininagasamy.com",
            "records": [
              "_0297f505c4522d2283f79adc544b9bd9.sdgjtdhdhz.acm-validations.aws."
            ],
            "set_identifier": "",
            "ttl": 300,
            "type": "CNAME",
            "weighted_routing_policy": [],
            "zone_id": "Z00012087W0AE2RD2E6X"
          },
          "sensitive_attributes": [],
          "private": "eyJzY2hlbWFfdmVyc2lvbiI6IjIifQ==",
          "dependencies": [
            "aws_acm_certificate.ssl_certificate",
            "data.aws_route53_zone.dns_zone"
          ]
        }
      ]
    }
  ],
  "check_results": null
}
